
Microsoft Visual Studio Solution File, Format Version 12.00
# Visual Studio Version 17
VisualStudioVersion = 17.0.31903.59
MinimumVisualStudioVersion = 10.0.40219.1
Project("{FAE04EC0-301F-11D3-BF4B-00C04F79EFBC}") = "swrconsole", "swrconsole\swrconsole.csproj", "{7B7A0C68-D2ED-46F1-8473-045FB896DBEE}"
EndProject
Project("{FAE04EC0-301F-11D3-BF4B-00C04F79EFBC}") = "swrapi", "swrapi\swrapi.csproj", "{1BA541C1-1BFE-4127-B0DB-2E1B5AEEB68E}"
EndProject
Project("{FAE04EC0-301F-11D3-BF4B-00C04F79EFBC}") = "swrlib", "swrlib\swrlib.csproj", "{2956CA8B-8AE7-41A6-AC8A-0B8FE025AA73}"
EndProject
Project("{FAE04EC0-301F-11D3-BF4B-00C04F79EFBC}") = "swrplay", "swrplay\swrplay.csproj", "{2FB88AB7-4577-4DDB-931F-16328E2823E9}"
EndProject
Project("{FAE04EC0-301F-11D3-BF4B-00C04F79EFBC}") = "simulator", "simulator\simulator.csproj", "{7A4B43EF-2893-40BE-A4B4-CF112014CA2D}"
EndProject
Global
	GlobalSection(SolutionConfigurationPlatforms) = preSolution
		Debug|Any CPU = Debug|Any CPU
		Release|Any CPU = Release|Any CPU
	EndGlobalSection
	GlobalSection(ProjectConfigurationPlatforms) = postSolution
		{7B7A0C68-D2ED-46F1-8473-045FB896DBEE}.Debug|Any CPU.ActiveCfg = Debug|Any CPU
		{7B7A0C68-D2ED-46F1-8473-045FB896DBEE}.Debug|Any CPU.Build.0 = Debug|Any CPU
		{7B7A0C68-D2ED-46F1-8473-045FB896DBEE}.Release|Any CPU.ActiveCfg = Release|Any CPU
		{7B7A0C68-D2ED-46F1-8473-045FB896DBEE}.Release|Any CPU.Build.0 = Release|Any CPU
		{1BA541C1-1BFE-4127-B0DB-2E1B5AEEB68E}.Debug|Any CPU.ActiveCfg = Debug|Any CPU
		{1BA541C1-1BFE-4127-B0DB-2E1B5AEEB68E}.Debug|Any CPU.Build.0 = Debug|Any CPU
		{1BA541C1-1BFE-4127-B0DB-2E1B5AEEB68E}.Release|Any CPU.ActiveCfg = Release|Any CPU
		{1BA541C1-1BFE-4127-B0DB-2E1B5AEEB68E}.Release|Any CPU.Build.0 = Release|Any CPU
		{2956CA8B-8AE7-41A6-AC8A-0B8FE025AA73}.Debug|Any CPU.ActiveCfg = Debug|Any CPU
		{2956CA8B-8AE7-41A6-AC8A-0B8FE025AA73}.Debug|Any CPU.Build.0 = Debug|Any CPU
		{2956CA8B-8AE7-41A6-AC8A-0B8FE025AA73}.Release|Any CPU.ActiveCfg = Release|Any CPU
		{2956CA8B-8AE7-41A6-AC8A-0B8FE025AA73}.Release|Any CPU.Build.0 = Release|Any CPU
		{2FB88AB7-4577-4DDB-931F-16328E2823E9}.Debug|Any CPU.ActiveCfg = Debug|Any CPU
		{2FB88AB7-4577-4DDB-931F-16328E2823E9}.Debug|Any CPU.Build.0 = Debug|Any CPU
		{2FB88AB7-4577-4DDB-931F-16328E2823E9}.Release|Any CPU.ActiveCfg = Release|Any CPU
		{2FB88AB7-4577-4DDB-931F-16328E2823E9}.Release|Any CPU.Build.0 = Release|Any CPU
		{7A4B43EF-2893-40BE-A4B4-CF112014CA2D}.Debug|Any CPU.ActiveCfg = Debug|Any CPU
		{7A4B43EF-2893-40BE-A4B4-CF112014CA2D}.Debug|Any CPU.Build.0 = Debug|Any CPU
		{7A4B43EF-2893-40BE-A4B4-CF112014CA2D}.Release|Any CPU.ActiveCfg = Release|Any CPU
		{7A4B43EF-2893-40BE-A4B4-CF112014CA2D}.Release|Any CPU.Build.0 = Release|Any CPU
	EndGlobalSection
	GlobalSection(SolutionProperties) = preSolution
		HideSolutionNode = FALSE
	EndGlobalSection
EndGlobal
